
Microsoft Visual Studio Solution File, Format Version 12.00
# Visual Studio Version 16
VisualStudioVersion = 16.0.28531.58
MinimumVisualStudioVersion = 10.0.40219.1
Project("{2150E333-8FDC-42A3-9474-1A3956D46DE8}") = "src", "src", "{1B819ABD-5A70-43E7-9102-343EAF403034}"
EndProject
Project("{9A19103F-16F7-4668-BE54-9A1E7A4F7556}") = "BenchmarkORM", "src\BenchmarkORM\BenchmarkORM.csproj", "{9E06F24F-045D-4F8A-A40D-953479C7F91A}"
EndProject
Global
	GlobalSection(SolutionConfigurationPlatforms) = preSolution
		Debug|Any CPU = Debug|Any CPU
		Release|Any CPU = Release|Any CPU
	EndGlobalSection
	GlobalSection(ProjectConfigurationPlatforms) = postSolution
		{9E06F24F-045D-4F8A-A40D-953479C7F91A}.Debug|Any CPU.ActiveCfg = Debug|Any CPU
		{9E06F24F-045D-4F8A-A40D-953479C7F91A}.Debug|Any CPU.Build.0 = Debug|Any CPU
		{9E06F24F-045D-4F8A-A40D-953479C7F91A}.Release|Any CPU.ActiveCfg = Release|Any CPU
		{9E06F24F-045D-4F8A-A40D-953479C7F91A}.Release|Any CPU.Build.0 = Release|Any CPU
	EndGlobalSection
	GlobalSection(SolutionProperties) = preSolution
		HideSolutionNode = FALSE
	EndGlobalSection
	GlobalSection(NestedProjects) = preSolution
		{9E06F24F-045D-4F8A-A40D-953479C7F91A} = {1B819ABD-5A70-43E7-9102-343EAF403034}
	EndGlobalSection
	GlobalSection(ExtensibilityGlobals) = postSolution
		SolutionGuid = {3BFA0941-EB85-4858-AC1E-33421814FA2B}
	EndGlobalSection
EndGlobal
