
Microsoft Visual Studio Solution File, Format Version 12.00
# Visual Studio Version 16
VisualStudioVersion = 16.0.28531.58
MinimumVisualStudioVersion = 10.0.40219.1
Project("{9A19103F-16F7-4668-BE54-9A1E7A4F7556}") = "Benchmark", "Benchmark\Benchmark.csproj", "{86A76542-1D6D-4257-ACE8-BA877DA752B6}"
EndProject
Project("{FAE04EC0-301F-11D3-BF4B-00C04F79EFBC}") = "DataCreator", "DataCreator\DataCreator.csproj", "{EF7F9F69-2D31-4100-9F83-B04D87E290E8}"
EndProject
Global
	GlobalSection(SolutionConfigurationPlatforms) = preSolution
		Debug|Any CPU = Debug|Any CPU
		Release|Any CPU = Release|Any CPU
	EndGlobalSection
	GlobalSection(ProjectConfigurationPlatforms) = postSolution
		{86A76542-1D6D-4257-ACE8-BA877DA752B6}.Debug|Any CPU.ActiveCfg = Debug|Any CPU
		{86A76542-1D6D-4257-ACE8-BA877DA752B6}.Debug|Any CPU.Build.0 = Debug|Any CPU
		{86A76542-1D6D-4257-ACE8-BA877DA752B6}.Release|Any CPU.ActiveCfg = Release|Any CPU
		{86A76542-1D6D-4257-ACE8-BA877DA752B6}.Release|Any CPU.Build.0 = Release|Any CPU
		{EF7F9F69-2D31-4100-9F83-B04D87E290E8}.Debug|Any CPU.ActiveCfg = Debug|Any CPU
		{EF7F9F69-2D31-4100-9F83-B04D87E290E8}.Debug|Any CPU.Build.0 = Debug|Any CPU
		{EF7F9F69-2D31-4100-9F83-B04D87E290E8}.Release|Any CPU.ActiveCfg = Release|Any CPU
		{EF7F9F69-2D31-4100-9F83-B04D87E290E8}.Release|Any CPU.Build.0 = Release|Any CPU
	EndGlobalSection
	GlobalSection(SolutionProperties) = preSolution
		HideSolutionNode = FALSE
	EndGlobalSection
	GlobalSection(ExtensibilityGlobals) = postSolution
		SolutionGuid = {3BFA0941-EB85-4858-AC1E-33421814FA2B}
	EndGlobalSection
EndGlobal
