
Microsoft Visual Studio Solution File, Format Version 12.00
# Visual Studio Version 16
VisualStudioVersion = 16.0.28531.58
MinimumVisualStudioVersion = 10.0.40219.1
Project("{9A19103F-16F7-4668-BE54-9A1E7A4F7556}") = "Benchmark", "Benchmark\Benchmark.csproj", "{86A76542-1D6D-4257-ACE8-BA877DA752B6}"
EndProject
Project("{9A19103F-16F7-4668-BE54-9A1E7A4F7556}") = "DataCreator", "DataCreator\DataCreator.csproj", "{EF7F9F69-2D31-4100-9F83-B04D87E290E8}"
EndProject
Project("{9A19103F-16F7-4668-BE54-9A1E7A4F7556}") = "Launcher", "Launcher\Launcher.csproj", "{6AA8ACF0-FBEE-4096-8BB7-114A11ACEACB}"
EndProject
Project("{2150E333-8FDC-42A3-9474-1A3956D46DE8}") = "ORMs", "ORMs", "{8419FCA2-0F6F-417F-97BC-6536517EBC20}"
EndProject
Project("{9A19103F-16F7-4668-BE54-9A1E7A4F7556}") = "EF_1", "EF_1\EF_1.csproj", "{176AAC10-DC64-4639-8DEA-29513B1441A4}"
EndProject
Project("{FAE04EC0-301F-11D3-BF4B-00C04F79EFBC}") = "EF_2", "EF_2\EF_2.csproj", "{5283177E-1344-40C9-869E-51AF5BC17773}"
EndProject
Project("{FAE04EC0-301F-11D3-BF4B-00C04F79EFBC}") = "Dapper", "Dapper\Dapper.csproj", "{A5E4B379-77ED-4704-8139-6AF7AF68BCE0}"
EndProject
Global
	GlobalSection(SolutionConfigurationPlatforms) = preSolution
		Debug|Any CPU = Debug|Any CPU
		Release|Any CPU = Release|Any CPU
	EndGlobalSection
	GlobalSection(ProjectConfigurationPlatforms) = postSolution
		{86A76542-1D6D-4257-ACE8-BA877DA752B6}.Debug|Any CPU.ActiveCfg = Debug|Any CPU
		{86A76542-1D6D-4257-ACE8-BA877DA752B6}.Debug|Any CPU.Build.0 = Debug|Any CPU
		{86A76542-1D6D-4257-ACE8-BA877DA752B6}.Release|Any CPU.ActiveCfg = Release|Any CPU
		{86A76542-1D6D-4257-ACE8-BA877DA752B6}.Release|Any CPU.Build.0 = Release|Any CPU
		{EF7F9F69-2D31-4100-9F83-B04D87E290E8}.Debug|Any CPU.ActiveCfg = Debug|Any CPU
		{EF7F9F69-2D31-4100-9F83-B04D87E290E8}.Debug|Any CPU.Build.0 = Debug|Any CPU
		{EF7F9F69-2D31-4100-9F83-B04D87E290E8}.Release|Any CPU.ActiveCfg = Release|Any CPU
		{EF7F9F69-2D31-4100-9F83-B04D87E290E8}.Release|Any CPU.Build.0 = Release|Any CPU
		{6AA8ACF0-FBEE-4096-8BB7-114A11ACEACB}.Debug|Any CPU.ActiveCfg = Debug|Any CPU
		{6AA8ACF0-FBEE-4096-8BB7-114A11ACEACB}.Debug|Any CPU.Build.0 = Debug|Any CPU
		{6AA8ACF0-FBEE-4096-8BB7-114A11ACEACB}.Release|Any CPU.ActiveCfg = Release|Any CPU
		{6AA8ACF0-FBEE-4096-8BB7-114A11ACEACB}.Release|Any CPU.Build.0 = Release|Any CPU
		{176AAC10-DC64-4639-8DEA-29513B1441A4}.Debug|Any CPU.ActiveCfg = Debug|Any CPU
		{176AAC10-DC64-4639-8DEA-29513B1441A4}.Debug|Any CPU.Build.0 = Debug|Any CPU
		{176AAC10-DC64-4639-8DEA-29513B1441A4}.Release|Any CPU.ActiveCfg = Release|Any CPU
		{176AAC10-DC64-4639-8DEA-29513B1441A4}.Release|Any CPU.Build.0 = Release|Any CPU
		{5283177E-1344-40C9-869E-51AF5BC17773}.Debug|Any CPU.ActiveCfg = Debug|Any CPU
		{5283177E-1344-40C9-869E-51AF5BC17773}.Debug|Any CPU.Build.0 = Debug|Any CPU
		{5283177E-1344-40C9-869E-51AF5BC17773}.Release|Any CPU.ActiveCfg = Release|Any CPU
		{5283177E-1344-40C9-869E-51AF5BC17773}.Release|Any CPU.Build.0 = Release|Any CPU
		{A5E4B379-77ED-4704-8139-6AF7AF68BCE0}.Debug|Any CPU.ActiveCfg = Debug|Any CPU
		{A5E4B379-77ED-4704-8139-6AF7AF68BCE0}.Debug|Any CPU.Build.0 = Debug|Any CPU
		{A5E4B379-77ED-4704-8139-6AF7AF68BCE0}.Release|Any CPU.ActiveCfg = Release|Any CPU
		{A5E4B379-77ED-4704-8139-6AF7AF68BCE0}.Release|Any CPU.Build.0 = Release|Any CPU
	EndGlobalSection
	GlobalSection(SolutionProperties) = preSolution
		HideSolutionNode = FALSE
	EndGlobalSection
	GlobalSection(NestedProjects) = preSolution
		{176AAC10-DC64-4639-8DEA-29513B1441A4} = {8419FCA2-0F6F-417F-97BC-6536517EBC20}
		{5283177E-1344-40C9-869E-51AF5BC17773} = {8419FCA2-0F6F-417F-97BC-6536517EBC20}
		{A5E4B379-77ED-4704-8139-6AF7AF68BCE0} = {8419FCA2-0F6F-417F-97BC-6536517EBC20}
	EndGlobalSection
	GlobalSection(ExtensibilityGlobals) = postSolution
		SolutionGuid = {3BFA0941-EB85-4858-AC1E-33421814FA2B}
	EndGlobalSection
EndGlobal
